
Microsoft Visual Studio Solution File, Format Version 12.00
# Visual Studio Version 17
VisualStudioVersion = 17.9.34607.119
MinimumVisualStudioVersion = 10.0.40219.1
Project("{FAE04EC0-301F-11D3-BF4B-00C04F79EFBC}") = "task5", "task5\task5.csproj", "{106F3E87-88F2-4A80-9887-43AC2E97E888}"
EndProject
Global
	GlobalSection(SolutionConfigurationPlatforms) = preSolution
		Debug|Any CPU = Debug|Any CPU
		Release|Any CPU = Release|Any CPU
	EndGlobalSection
	GlobalSection(ProjectConfigurationPlatforms) = postSolution
		{106F3E87-88F2-4A80-9887-43AC2E97E888}.Debug|Any CPU.ActiveCfg = Debug|Any CPU
		{106F3E87-88F2-4A80-9887-43AC2E97E888}.Debug|Any CPU.Build.0 = Debug|Any CPU
		{106F3E87-88F2-4A80-9887-43AC2E97E888}.Release|Any CPU.ActiveCfg = Release|Any CPU
		{106F3E87-88F2-4A80-9887-43AC2E97E888}.Release|Any CPU.Build.0 = Release|Any CPU
	EndGlobalSection
	GlobalSection(SolutionProperties) = preSolution
		HideSolutionNode = FALSE
	EndGlobalSection
	GlobalSection(ExtensibilityGlobals) = postSolution
		SolutionGuid = {7171ED5C-3E47-4A7F-AC0D-EA6FAB8BD265}
	EndGlobalSection
EndGlobal
